{
	"name": "@ismo/escastist",
	"version": "0.1.0",
	"lockfileVersion": 1,
	"requires": true,
	"dependencies": {
		"@beyond-life/lowbar": {
			"version": "0.1.3",
			"resolved": "https://registry.npmjs.org/@beyond-life/lowbar/-/lowbar-0.1.3.tgz",
			"integrity": "sha512-5OFtV5e6LElSj3t0e4J7ZO/sPKLHJTH7sVQlXGANBW44tUYPBRk5XWowLt5l+Hr1RZKD3BAid+rlgfO2ncWoPw=="
		},
		"reflect-metadata": {
			"version": "0.1.12",
			"resolved": "https://registry.npmjs.org/reflect-metadata/-/reflect-metadata-0.1.12.tgz",
			"integrity": "sha512-n+IyV+nGz3+0q3/Yf1ra12KpCyi001bi4XFxSjbiWWjfqb52iTTtpGXmCCAOWWIAn9KEuFZKGqBERHmrtScZ3A=="
		},
		"symbol-observable": {
			"version": "1.2.0",
			"resolved": "https://registry.npmjs.org/symbol-observable/-/symbol-observable-1.2.0.tgz",
			"integrity": "sha512-e900nM8RRtGhlV36KGEU9k65K3mPb1WV70OdjfxlG2EAuM1noi/E/BaW/uMhL7bPEssK8QV57vN3esixjUvcXQ=="
		},
		"xstream": {
			"version": "11.2.0",
			"resolved": "https://registry.npmjs.org/xstream/-/xstream-11.2.0.tgz",
			"integrity": "sha512-0M3joPldICNrYhE4b79uG34hoeEZGMMn0HIWniYqT3QqHbtoIZTL3XJCPhfrPMHGcVIMkYYW3Rqm/oMpJrhspQ==",
			"requires": {
				"symbol-observable": "1.2.0"
			}
		}
	}
}
